
Microsoft Visual Studio Solution File, Format Version 12.00
# Visual Studio 15
VisualStudioVersion = 15.0.27703.2042
MinimumVisualStudioVersion = 10.0.40219.1
Project("{FAE04EC0-301F-11D3-BF4B-00C04F79EFBC}") = "BLL", "BLL\BLL.csproj", "{F21718D3-E4E6-4D55-B541-587ED7F6E112}"
EndProject
Project("{FAE04EC0-301F-11D3-BF4B-00C04F79EFBC}") = "DAL", "DAL\DAL.csproj", "{F1D838C8-CF9B-4BB5-9E88-5E6D54992B90}"
EndProject
Project("{FAE04EC0-301F-11D3-BF4B-00C04F79EFBC}") = "UI", "UI\UI.csproj", "{290ED7E3-72C1-4D19-A22E-8CC896070B85}"
EndProject
Global
	GlobalSection(SolutionConfigurationPlatforms) = preSolution
		Debug|Any CPU = Debug|Any CPU
		Release|Any CPU = Release|Any CPU
	EndGlobalSection
	GlobalSection(ProjectConfigurationPlatforms) = postSolution
		{F21718D3-E4E6-4D55-B541-587ED7F6E112}.Debug|Any CPU.ActiveCfg = Debug|Any CPU
		{F21718D3-E4E6-4D55-B541-587ED7F6E112}.Debug|Any CPU.Build.0 = Debug|Any CPU
		{F21718D3-E4E6-4D55-B541-587ED7F6E112}.Release|Any CPU.ActiveCfg = Release|Any CPU
		{F21718D3-E4E6-4D55-B541-587ED7F6E112}.Release|Any CPU.Build.0 = Release|Any CPU
		{F1D838C8-CF9B-4BB5-9E88-5E6D54992B90}.Debug|Any CPU.ActiveCfg = Debug|Any CPU
		{F1D838C8-CF9B-4BB5-9E88-5E6D54992B90}.Debug|Any CPU.Build.0 = Debug|Any CPU
		{F1D838C8-CF9B-4BB5-9E88-5E6D54992B90}.Release|Any CPU.ActiveCfg = Release|Any CPU
		{F1D838C8-CF9B-4BB5-9E88-5E6D54992B90}.Release|Any CPU.Build.0 = Release|Any CPU
		{290ED7E3-72C1-4D19-A22E-8CC896070B85}.Debug|Any CPU.ActiveCfg = Debug|Any CPU
		{290ED7E3-72C1-4D19-A22E-8CC896070B85}.Debug|Any CPU.Build.0 = Debug|Any CPU
		{290ED7E3-72C1-4D19-A22E-8CC896070B85}.Debug|Any CPU.Deploy.0 = Debug|Any CPU
		{290ED7E3-72C1-4D19-A22E-8CC896070B85}.Release|Any CPU.ActiveCfg = Release|Any CPU
		{290ED7E3-72C1-4D19-A22E-8CC896070B85}.Release|Any CPU.Build.0 = Release|Any CPU
		{290ED7E3-72C1-4D19-A22E-8CC896070B85}.Release|Any CPU.Deploy.0 = Release|Any CPU
	EndGlobalSection
	GlobalSection(SolutionProperties) = preSolution
		HideSolutionNode = FALSE
	EndGlobalSection
	GlobalSection(ExtensibilityGlobals) = postSolution
		SolutionGuid = {47117D8E-0470-4AC0-B495-5873E2C1CCC3}
	EndGlobalSection
EndGlobal
